// !$*UTF8*$!
{
	archiveVersion = 1;
	classes = {
	};
	objectVersion = 56;
	objects = {

/* Begin PBXBuildFile section */
		7934F9C22A5C3E73009AC884 /* AppDelegate.swift in Sources */ = {isa = PBXBuildFile; fileRef = 7934F9C12A5C3E73009AC884 /* AppDelegate.swift */; };
		7934F9C62A5C3E73009AC884 /* LoginViewController.swift in Sources */ = {isa = PBXBuildFile; fileRef = 7934F9C52A5C3E73009AC884 /* LoginViewController.swift */; };
		7934F9CB2A5C3E76009AC884 /* Assets.xcassets in Resources */ = {isa = PBXBuildFile; fileRef = 7934F9CA2A5C3E76009AC884 /* Assets.xcassets */; };
		7934F9CE2A5C3E76009AC884 /* LaunchScreen.storyboard in Resources */ = {isa = PBXBuildFile; fileRef = 7934F9CC2A5C3E76009AC884 /* LaunchScreen.storyboard */; };
		7934F9D82A5C4261009AC884 /* LoginView.swift in Sources */ = {isa = PBXBuildFile; fileRef = 7934F9D72A5C4261009AC884 /* LoginView.swift */; };
		7978AB3E2A5EF321009AA427 /* OnboardingContainerViewController.swift in Sources */ = {isa = PBXBuildFile; fileRef = 7978AB3D2A5EF321009AA427 /* OnboardingContainerViewController.swift */; };
		7978AB402A5EF7BB009AA427 /* OnboardingViewController.swift in Sources */ = {isa = PBXBuildFile; fileRef = 7978AB3F2A5EF7BB009AA427 /* OnboardingViewController.swift */; };
		798F4E142A6089F200B780BC /* DummyViewController.swift in Sources */ = {isa = PBXBuildFile; fileRef = 798F4E132A6089F200B780BC /* DummyViewController.swift */; };
		798F4E172A608EB400B780BC /* LocalState.swift in Sources */ = {isa = PBXBuildFile; fileRef = 798F4E162A608EB400B780BC /* LocalState.swift */; };
		798F4E192A61784900B780BC /* UIViewController+Utils.swift in Sources */ = {isa = PBXBuildFile; fileRef = 798F4E182A61784900B780BC /* UIViewController+Utils.swift */; };
		798F4E1B2A617A7400B780BC /* MainViewController.swift in Sources */ = {isa = PBXBuildFile; fileRef = 798F4E1A2A617A7400B780BC /* MainViewController.swift */; };
		798F4E1E2A61850900B780BC /* AccountSummaryViewController.swift in Sources */ = {isa = PBXBuildFile; fileRef = 798F4E1D2A61850900B780BC /* AccountSummaryViewController.swift */; };
/* End PBXBuildFile section */

/* Begin PBXFileReference section */
		7934F9BE2A5C3E73009AC884 /* Bankey.app */ = {isa = PBXFileReference; explicitFileType = wrapper.application; includeInIndex = 0; path = Bankey.app; sourceTree = BUILT_PRODUCTS_DIR; };
		7934F9C12A5C3E73009AC884 /* AppDelegate.swift */ = {isa = PBXFileReference; lastKnownFileType = sourcecode.swift; path = AppDelegate.swift; sourceTree = "<group>"; };
		7934F9C52A5C3E73009AC884 /* LoginViewController.swift */ = {isa = PBXFileReference; lastKnownFileType = sourcecode.swift; path = LoginViewController.swift; sourceTree = "<group>"; };
		7934F9CA2A5C3E76009AC884 /* Assets.xcassets */ = {isa = PBXFileReference; lastKnownFileType = folder.assetcatalog; path = Assets.xcassets; sourceTree = "<group>"; };
		7934F9CD2A5C3E76009AC884 /* Base */ = {isa = PBXFileReference; lastKnownFileType = file.storyboard; name = Base; path = Base.lproj/LaunchScreen.storyboard; sourceTree = "<group>"; };
		7934F9CF2A5C3E76009AC884 /* Info.plist */ = {isa = PBXFileReference; lastKnownFileType = text.plist.xml; path = Info.plist; sourceTree = "<group>"; };
		7934F9D72A5C4261009AC884 /* LoginView.swift */ = {isa = PBXFileReference; lastKnownFileType = sourcecode.swift; path = LoginView.swift; sourceTree = "<group>"; };
		7978AB3D2A5EF321009AA427 /* OnboardingContainerViewController.swift */ = {isa = PBXFileReference; lastKnownFileType = sourcecode.swift; path = OnboardingContainerViewController.swift; sourceTree = "<group>"; };
		7978AB3F2A5EF7BB009AA427 /* OnboardingViewController.swift */ = {isa = PBXFileReference; lastKnownFileType = sourcecode.swift; path = OnboardingViewController.swift; sourceTree = "<group>"; };
		798F4E132A6089F200B780BC /* DummyViewController.swift */ = {isa = PBXFileReference; lastKnownFileType = sourcecode.swift; path = DummyViewController.swift; sourceTree = "<group>"; };
		798F4E162A608EB400B780BC /* LocalState.swift */ = {isa = PBXFileReference; lastKnownFileType = sourcecode.swift; path = LocalState.swift; sourceTree = "<group>"; };
		798F4E182A61784900B780BC /* UIViewController+Utils.swift */ = {isa = PBXFileReference; lastKnownFileType = sourcecode.swift; path = "UIViewController+Utils.swift"; sourceTree = "<group>"; };
		798F4E1A2A617A7400B780BC /* MainViewController.swift */ = {isa = PBXFileReference; lastKnownFileType = sourcecode.swift; path = MainViewController.swift; sourceTree = "<group>"; };
		798F4E1D2A61850900B780BC /* AccountSummaryViewController.swift */ = {isa = PBXFileReference; lastKnownFileType = sourcecode.swift; path = AccountSummaryViewController.swift; sourceTree = "<group>"; };
/* End PBXFileReference section */

/* Begin PBXFrameworksBuildPhase section */
		7934F9BB2A5C3E73009AC884 /* Frameworks */ = {
			isa = PBXFrameworksBuildPhase;
			buildActionMask = 2147483647;
			files = (
			);
			runOnlyForDeploymentPostprocessing = 0;
		};
/* End PBXFrameworksBuildPhase section */

/* Begin PBXGroup section */
		7934F9B52A5C3E73009AC884 = {
			isa = PBXGroup;
			children = (
				7934F9C02A5C3E73009AC884 /* Bankey */,
				7934F9BF2A5C3E73009AC884 /* Products */,
			);
			sourceTree = "<group>";
		};
		7934F9BF2A5C3E73009AC884 /* Products */ = {
			isa = PBXGroup;
			children = (
				7934F9BE2A5C3E73009AC884 /* Bankey.app */,
			);
			name = Products;
			sourceTree = "<group>";
		};
		7934F9C02A5C3E73009AC884 /* Bankey */ = {
			isa = PBXGroup;
			children = (
				7934F9C12A5C3E73009AC884 /* AppDelegate.swift */,
				798F4E1A2A617A7400B780BC /* MainViewController.swift */,
				7934F9D62A5C41F4009AC884 /* Login */,
				7978AB3C2A5EF2F8009AA427 /* Onboarding */,
				798F4E1C2A6184EC00B780BC /* AccountSummary */,
				798F4E152A608EA300B780BC /* Utils */,
				7934F9D52A5C41C1009AC884 /* Files */,
			);
			path = Bankey;
			sourceTree = "<group>";
		};
		7934F9D52A5C41C1009AC884 /* Files */ = {
			isa = PBXGroup;
			children = (
				7934F9CA2A5C3E76009AC884 /* Assets.xcassets */,
				7934F9CC2A5C3E76009AC884 /* LaunchScreen.storyboard */,
				7934F9CF2A5C3E76009AC884 /* Info.plist */,
			);
			name = Files;
			sourceTree = "<group>";
		};
		7934F9D62A5C41F4009AC884 /* Login */ = {
			isa = PBXGroup;
			children = (
				7934F9C52A5C3E73009AC884 /* LoginViewController.swift */,
				7934F9D72A5C4261009AC884 /* LoginView.swift */,
				798F4E132A6089F200B780BC /* DummyViewController.swift */,
			);
			name = Login;
			sourceTree = "<group>";
		};
		7978AB3C2A5EF2F8009AA427 /* Onboarding */ = {
			isa = PBXGroup;
			children = (
				7978AB3D2A5EF321009AA427 /* OnboardingContainerViewController.swift */,
				7978AB3F2A5EF7BB009AA427 /* OnboardingViewController.swift */,
			);
			path = Onboarding;
			sourceTree = "<group>";
		};
		798F4E152A608EA300B780BC /* Utils */ = {
			isa = PBXGroup;
			children = (
				798F4E162A608EB400B780BC /* LocalState.swift */,
				798F4E182A61784900B780BC /* UIViewController+Utils.swift */,
			);
			path = Utils;
			sourceTree = "<group>";
		};
		798F4E1C2A6184EC00B780BC /* AccountSummary */ = {
			isa = PBXGroup;
			children = (
				798F4E1D2A61850900B780BC /* AccountSummaryViewController.swift */,
			);
			path = AccountSummary;
			sourceTree = "<group>";
		};
/* End PBXGroup section */

/* Begin PBXNativeTarget section */
		7934F9BD2A5C3E73009AC884 /* Bankey */ = {
			isa = PBXNativeTarget;
			buildConfigurationList = 7934F9D22A5C3E76009AC884 /* Build configuration list for PBXNativeTarget "Bankey" */;
			buildPhases = (
				7934F9BA2A5C3E73009AC884 /* Sources */,
				7934F9BB2A5C3E73009AC884 /* Frameworks */,
				7934F9BC2A5C3E73009AC884 /* Resources */,
			);
			buildRules = (
			);
			dependencies = (
			);
			name = Bankey;
			productName = Bankey;
			productReference = 7934F9BE2A5C3E73009AC884 /* Bankey.app */;
			productType = "com.apple.product-type.application";
		};
/* End PBXNativeTarget section */

/* Begin PBXProject section */
		7934F9B62A5C3E73009AC884 /* Project object */ = {
			isa = PBXProject;
			attributes = {
				BuildIndependentTargetsInParallel = 1;
				LastSwiftUpdateCheck = 1500;
				LastUpgradeCheck = 1500;
				TargetAttributes = {
					7934F9BD2A5C3E73009AC884 = {
						CreatedOnToolsVersion = 15.0;
					};
				};
			};
			buildConfigurationList = 7934F9B92A5C3E73009AC884 /* Build configuration list for PBXProject "Bankey" */;
			compatibilityVersion = "Xcode 14.0";
			developmentRegion = en;
			hasScannedForEncodings = 0;
			knownRegions = (
				en,
				Base,
			);
			mainGroup = 7934F9B52A5C3E73009AC884;
			productRefGroup = 7934F9BF2A5C3E73009AC884 /* Products */;
			projectDirPath = "";
			projectRoot = "";
			targets = (
				7934F9BD2A5C3E73009AC884 /* Bankey */,
			);
		};
/* End PBXProject section */

/* Begin PBXResourcesBuildPhase section */
		7934F9BC2A5C3E73009AC884 /* Resources */ = {
			isa = PBXResourcesBuildPhase;
			buildActionMask = 2147483647;
			files = (
				7934F9CE2A5C3E76009AC884 /* LaunchScreen.storyboard in Resources */,
				7934F9CB2A5C3E76009AC884 /* Assets.xcassets in Resources */,
			);
			runOnlyForDeploymentPostprocessing = 0;
		};
/* End PBXResourcesBuildPhase section */

/* Begin PBXSourcesBuildPhase section */
		7934F9BA2A5C3E73009AC884 /* Sources */ = {
			isa = PBXSourcesBuildPhase;
			buildActionMask = 2147483647;
			files = (
				798F4E192A61784900B780BC /* UIViewController+Utils.swift in Sources */,
				7934F9D82A5C4261009AC884 /* LoginView.swift in Sources */,
				798F4E172A608EB400B780BC /* LocalState.swift in Sources */,
				798F4E142A6089F200B780BC /* DummyViewController.swift in Sources */,
				7934F9C62A5C3E73009AC884 /* LoginViewController.swift in Sources */,
				7978AB402A5EF7BB009AA427 /* OnboardingViewController.swift in Sources */,
				798F4E1B2A617A7400B780BC /* MainViewController.swift in Sources */,
				798F4E1E2A61850900B780BC /* AccountSummaryViewController.swift in Sources */,
				7934F9C22A5C3E73009AC884 /* AppDelegate.swift in Sources */,
				7978AB3E2A5EF321009AA427 /* OnboardingContainerViewController.swift in Sources */,
			);
			runOnlyForDeploymentPostprocessing = 0;
		};
/* End PBXSourcesBuildPhase section */

/* Begin PBXVariantGroup section */
		7934F9CC2A5C3E76009AC884 /* LaunchScreen.storyboard */ = {
			isa = PBXVariantGroup;
			children = (
				7934F9CD2A5C3E76009AC884 /* Base */,
			);
			name = LaunchScreen.storyboard;
			sourceTree = "<group>";
		};
/* End PBXVariantGroup section */

/* Begin XCBuildConfiguration section */
		7934F9D02A5C3E76009AC884 /* Debug */ = {
			isa = XCBuildConfiguration;
			buildSettings = {
				ALWAYS_SEARCH_USER_PATHS = NO;
				ASSETCATALOG_COMPILER_GENERATE_SWIFT_ASSET_SYMBOL_EXTENSIONS = YES;
				CLANG_ANALYZER_NONNULL = YES;
				CLANG_ANALYZER_NUMBER_OBJECT_CONVERSION = YES_AGGRESSIVE;
				CLANG_CXX_LANGUAGE_STANDARD = "gnu++20";
				CLANG_ENABLE_MODULES = YES;
				CLANG_ENABLE_OBJC_ARC = YES;
				CLANG_ENABLE_OBJC_WEAK = YES;
				CLANG_WARN_BLOCK_CAPTURE_AUTORELEASING = YES;
				CLANG_WARN_BOOL_CONVERSION = YES;
				CLANG_WARN_COMMA = YES;
				CLANG_WARN_CONSTANT_CONVERSION = YES;
				CLANG_WARN_DEPRECATED_OBJC_IMPLEMENTATIONS = YES;
				CLANG_WARN_DIRECT_OBJC_ISA_USAGE = YES_ERROR;
				CLANG_WARN_DOCUMENTATION_COMMENTS = YES;
				CLANG_WARN_EMPTY_BODY = YES;
				CLANG_WARN_ENUM_CONVERSION = YES;
				CLANG_WARN_INFINITE_RECURSION = YES;
				CLANG_WARN_INT_CONVERSION = YES;
				CLANG_WARN_NON_LITERAL_NULL_CONVERSION = YES;
				CLANG_WARN_OBJC_IMPLICIT_RETAIN_SELF = YES;
				CLANG_WARN_OBJC_LITERAL_CONVERSION = YES;
				CLANG_WARN_OBJC_ROOT_CLASS = YES_ERROR;
				CLANG_WARN_QUOTED_INCLUDE_IN_FRAMEWORK_HEADER = YES;
				CLANG_WARN_RANGE_LOOP_ANALYSIS = YES;
				CLANG_WARN_STRICT_PROTOTYPES = YES;
				CLANG_WARN_SUSPICIOUS_MOVE = YES;
				CLANG_WARN_UNGUARDED_AVAILABILITY = YES_AGGRESSIVE;
				CLANG_WARN_UNREACHABLE_CODE = YES;
				CLANG_WARN__DUPLICATE_METHOD_MATCH = YES;
				COPY_PHASE_STRIP = NO;
				DEBUG_INFORMATION_FORMAT = dwarf;
				ENABLE_STRICT_OBJC_MSGSEND = YES;
				ENABLE_TESTABILITY = YES;
				ENABLE_USER_SCRIPT_SANDBOXING = YES;
				GCC_C_LANGUAGE_STANDARD = gnu17;
				GCC_DYNAMIC_NO_PIC = NO;
				GCC_NO_COMMON_BLOCKS = YES;
				GCC_OPTIMIZATION_LEVEL = 0;
				GCC_PREPROCESSOR_DEFINITIONS = (
					"DEBUG=1",
					"$(inherited)",
				);
				GCC_WARN_64_TO_32_BIT_CONVERSION = YES;
				GCC_WARN_ABOUT_RETURN_TYPE = YES_ERROR;
				GCC_WARN_UNDECLARED_SELECTOR = YES;
				GCC_WARN_UNINITIALIZED_AUTOS = YES_AGGRESSIVE;
				GCC_WARN_UNUSED_FUNCTION = YES;
				GCC_WARN_UNUSED_VARIABLE = YES;
				IPHONEOS_DEPLOYMENT_TARGET = 17.0;
				LOCALIZATION_PREFERS_STRING_CATALOGS = YES;
				MTL_ENABLE_DEBUG_INFO = INCLUDE_SOURCE;
				MTL_FAST_MATH = YES;
				ONLY_ACTIVE_ARCH = YES;
				SDKROOT = iphoneos;
				SWIFT_ACTIVE_COMPILATION_CONDITIONS = "DEBUG $(inherited)";
				SWIFT_OPTIMIZATION_LEVEL = "-Onone";
			};
			name = Debug;
		};
		7934F9D12A5C3E76009AC884 /* Release */ = {
			isa = XCBuildConfiguration;
			buildSettings = {
				ALWAYS_SEARCH_USER_PATHS = NO;
				ASSETCATALOG_COMPILER_GENERATE_SWIFT_ASSET_SYMBOL_EXTENSIONS = YES;
				CLANG_ANALYZER_NONNULL = YES;
				CLANG_ANALYZER_NUMBER_OBJECT_CONVERSION = YES_AGGRESSIVE;
				CLANG_CXX_LANGUAGE_STANDARD = "gnu++20";
				CLANG_ENABLE_MODULES = YES;
				CLANG_ENABLE_OBJC_ARC = YES;
				CLANG_ENABLE_OBJC_WEAK = YES;
				CLANG_WARN_BLOCK_CAPTURE_AUTORELEASING = YES;
				CLANG_WARN_BOOL_CONVERSION = YES;
				CLANG_WARN_COMMA = YES;
				CLANG_WARN_CONSTANT_CONVERSION = YES;
				CLANG_WARN_DEPRECATED_OBJC_IMPLEMENTATIONS = YES;
				CLANG_WARN_DIRECT_OBJC_ISA_USAGE = YES_ERROR;
				CLANG_WARN_DOCUMENTATION_COMMENTS = YES;
				CLANG_WARN_EMPTY_BODY = YES;
				CLANG_WARN_ENUM_CONVERSION = YES;
				CLANG_WARN_INFINITE_RECURSION = YES;
				CLANG_WARN_INT_CONVERSION = YES;
				CLANG_WARN_NON_LITERAL_NULL_CONVERSION = YES;
				CLANG_WARN_OBJC_IMPLICIT_RETAIN_SELF = YES;
				CLANG_WARN_OBJC_LITERAL_CONVERSION = YES;
				CLANG_WARN_OBJC_ROOT_CLASS = YES_ERROR;
				CLANG_WARN_QUOTED_INCLUDE_IN_FRAMEWORK_HEADER = YES;
				CLANG_WARN_RANGE_LOOP_ANALYSIS = YES;
				CLANG_WARN_STRICT_PROTOTYPES = YES;
				CLANG_WARN_SUSPICIOUS_MOVE = YES;
				CLANG_WARN_UNGUARDED_AVAILABILITY = YES_AGGRESSIVE;
				CLANG_WARN_UNREACHABLE_CODE = YES;
				CLANG_WARN__DUPLICATE_METHOD_MATCH = YES;
				COPY_PHASE_STRIP = NO;
				DEBUG_INFORMATION_FORMAT = "dwarf-with-dsym";
				ENABLE_NS_ASSERTIONS = NO;
				ENABLE_STRICT_OBJC_MSGSEND = YES;
				ENABLE_USER_SCRIPT_SANDBOXING = YES;
				GCC_C_LANGUAGE_STANDARD = gnu17;
				GCC_NO_COMMON_BLOCKS = YES;
				GCC_WARN_64_TO_32_BIT_CONVERSION = YES;
				GCC_WARN_ABOUT_RETURN_TYPE = YES_ERROR;
				GCC_WARN_UNDECLARED_SELECTOR = YES;
				GCC_WARN_UNINITIALIZED_AUTOS = YES_AGGRESSIVE;
				GCC_WARN_UNUSED_FUNCTION = YES;
				GCC_WARN_UNUSED_VARIABLE = YES;
				IPHONEOS_DEPLOYMENT_TARGET = 17.0;
				LOCALIZATION_PREFERS_STRING_CATALOGS = YES;
				MTL_ENABLE_DEBUG_INFO = NO;
				MTL_FAST_MATH = YES;
				SDKROOT = iphoneos;
				SWIFT_COMPILATION_MODE = wholemodule;
				VALIDATE_PRODUCT = YES;
			};
			name = Release;
		};
		7934F9D32A5C3E76009AC884 /* Debug */ = {
			isa = XCBuildConfiguration;
			buildSettings = {
				ASSETCATALOG_COMPILER_APPICON_NAME = AppIcon;
				ASSETCATALOG_COMPILER_GLOBAL_ACCENT_COLOR_NAME = AccentColor;
				CODE_SIGN_STYLE = Automatic;
				CURRENT_PROJECT_VERSION = 1;
				DEVELOPMENT_TEAM = 44YT93HHZS;
				GENERATE_INFOPLIST_FILE = YES;
				INFOPLIST_FILE = Bankey/Info.plist;
				INFOPLIST_KEY_UIApplicationSupportsIndirectInputEvents = YES;
				INFOPLIST_KEY_UILaunchStoryboardName = LaunchScreen;
				INFOPLIST_KEY_UISupportedInterfaceOrientations_iPad = "UIInterfaceOrientationPortrait UIInterfaceOrientationPortraitUpsideDown UIInterfaceOrientationLandscapeLeft UIInterfaceOrientationLandscapeRight";
				INFOPLIST_KEY_UISupportedInterfaceOrientations_iPhone = "UIInterfaceOrientationPortrait UIInterfaceOrientationLandscapeLeft UIInterfaceOrientationLandscapeRight";
				LD_RUNPATH_SEARCH_PATHS = (
					"$(inherited)",
					"@executable_path/Frameworks",
				);
				MARKETING_VERSION = 1.0;
				PRODUCT_BUNDLE_IDENTIFIER = co.askthat.Bankey;
				PRODUCT_NAME = "$(TARGET_NAME)";
				SWIFT_EMIT_LOC_STRINGS = YES;
				SWIFT_VERSION = 5.0;
				TARGETED_DEVICE_FAMILY = "1,2";
			};
			name = Debug;
		};
		7934F9D42A5C3E76009AC884 /* Release */ = {
			isa = XCBuildConfiguration;
			buildSettings = {
				ASSETCATALOG_COMPILER_APPICON_NAME = AppIcon;
				ASSETCATALOG_COMPILER_GLOBAL_ACCENT_COLOR_NAME = AccentColor;
				CODE_SIGN_STYLE = Automatic;
				CURRENT_PROJECT_VERSION = 1;
				DEVELOPMENT_TEAM = 44YT93HHZS;
				GENERATE_INFOPLIST_FILE = YES;
				INFOPLIST_FILE = Bankey/Info.plist;
				INFOPLIST_KEY_UIApplicationSupportsIndirectInputEvents = YES;
				INFOPLIST_KEY_UILaunchStoryboardName = LaunchScreen;
				INFOPLIST_KEY_UISupportedInterfaceOrientations_iPad = "UIInterfaceOrientationPortrait UIInterfaceOrientationPortraitUpsideDown UIInterfaceOrientationLandscapeLeft UIInterfaceOrientationLandscapeRight";
				INFOPLIST_KEY_UISupportedInterfaceOrientations_iPhone = "UIInterfaceOrientationPortrait UIInterfaceOrientationLandscapeLeft UIInterfaceOrientationLandscapeRight";
				LD_RUNPATH_SEARCH_PATHS = (
					"$(inherited)",
					"@executable_path/Frameworks",
				);
				MARKETING_VERSION = 1.0;
				PRODUCT_BUNDLE_IDENTIFIER = co.askthat.Bankey;
				PRODUCT_NAME = "$(TARGET_NAME)";
				SWIFT_EMIT_LOC_STRINGS = YES;
				SWIFT_VERSION = 5.0;
				TARGETED_DEVICE_FAMILY = "1,2";
			};
			name = Release;
		};
/* End XCBuildConfiguration section */

/* Begin XCConfigurationList section */
		7934F9B92A5C3E73009AC884 /* Build configuration list for PBXProject "Bankey" */ = {
			isa = XCConfigurationList;
			buildConfigurations = (
				7934F9D02A5C3E76009AC884 /* Debug */,
				7934F9D12A5C3E76009AC884 /* Release */,
			);
			defaultConfigurationIsVisible = 0;
			defaultConfigurationName = Release;
		};
		7934F9D22A5C3E76009AC884 /* Build configuration list for PBXNativeTarget "Bankey" */ = {
			isa = XCConfigurationList;
			buildConfigurations = (
				7934F9D32A5C3E76009AC884 /* Debug */,
				7934F9D42A5C3E76009AC884 /* Release */,
			);
			defaultConfigurationIsVisible = 0;
			defaultConfigurationName = Release;
		};
/* End XCConfigurationList section */
	};
	rootObject = 7934F9B62A5C3E73009AC884 /* Project object */;
}
